// !$*UTF8*$!
{
	archiveVersion = 1;
	classes = {
	};
	objectVersion = 55;
	objects = {

/* Begin PBXBuildFile section */
		943350A0278F15B90002EF2F /* AppDelegate.swift in Sources */ = {isa = PBXBuildFile; fileRef = 9433509F278F15B90002EF2F /* AppDelegate.swift */; };
		943350A2278F15B90002EF2F /* SceneDelegate.swift in Sources */ = {isa = PBXBuildFile; fileRef = 943350A1278F15B90002EF2F /* SceneDelegate.swift */; };
		943350A7278F15B90002EF2F /* Main.storyboard in Resources */ = {isa = PBXBuildFile; fileRef = 943350A5278F15B90002EF2F /* Main.storyboard */; };
		943350A9278F15B90002EF2F /* Assets.xcassets in Resources */ = {isa = PBXBuildFile; fileRef = 943350A8278F15B90002EF2F /* Assets.xcassets */; };
		943350AC278F15B90002EF2F /* LaunchScreen.storyboard in Resources */ = {isa = PBXBuildFile; fileRef = 943350AA278F15B90002EF2F /* LaunchScreen.storyboard */; };
		943350B7278F15BA0002EF2F /* MoviesCleanSwiftTests.swift in Sources */ = {isa = PBXBuildFile; fileRef = 943350B6278F15BA0002EF2F /* MoviesCleanSwiftTests.swift */; };
		943350C1278F15BA0002EF2F /* MoviesCleanSwiftUITests.swift in Sources */ = {isa = PBXBuildFile; fileRef = 943350C0278F15BA0002EF2F /* MoviesCleanSwiftUITests.swift */; };
		943350C3278F15BA0002EF2F /* MoviesCleanSwiftUITestsLaunchTests.swift in Sources */ = {isa = PBXBuildFile; fileRef = 943350C2278F15BA0002EF2F /* MoviesCleanSwiftUITestsLaunchTests.swift */; };
		D133ADAA2794398F000A03DE /* BaseNetworkingService.swift in Sources */ = {isa = PBXBuildFile; fileRef = D133ADA92794398F000A03DE /* BaseNetworkingService.swift */; };
		D133ADAD27943C6B000A03DE /* URLSessionProtocol.swift in Sources */ = {isa = PBXBuildFile; fileRef = D133ADAC27943C6B000A03DE /* URLSessionProtocol.swift */; };
		D133ADB027943F84000A03DE /* URLSession+MoviesCleanSwift.swift in Sources */ = {isa = PBXBuildFile; fileRef = D133ADAF27943F84000A03DE /* URLSession+MoviesCleanSwift.swift */; };
		D133ADB827946C4A000A03DE /* MoviesNetworkingService.swift in Sources */ = {isa = PBXBuildFile; fileRef = D133ADB727946C4A000A03DE /* MoviesNetworkingService.swift */; };
		D133ADBF279498CA000A03DE /* Movie.swift in Sources */ = {isa = PBXBuildFile; fileRef = D133ADBE279498CA000A03DE /* Movie.swift */; };
		D133ADC127949916000A03DE /* MovieAPIResponse.swift in Sources */ = {isa = PBXBuildFile; fileRef = D133ADC027949916000A03DE /* MovieAPIResponse.swift */; };
		D133ADC32795A972000A03DE /* MoviesAPI.swift in Sources */ = {isa = PBXBuildFile; fileRef = D133ADC22795A972000A03DE /* MoviesAPI.swift */; };
		D133ADC52795B847000A03DE /* NetworkResponseError.swift in Sources */ = {isa = PBXBuildFile; fileRef = D133ADC42795B847000A03DE /* NetworkResponseError.swift */; };
		D133ADC72795BE6E000A03DE /* HTTPURLResponseHandler.swift in Sources */ = {isa = PBXBuildFile; fileRef = D133ADC62795BE6E000A03DE /* HTTPURLResponseHandler.swift */; };
		D133ADCA27960D15000A03DE /* UIViewController+MoviesCleanSwift.swift in Sources */ = {isa = PBXBuildFile; fileRef = D133ADC927960D15000A03DE /* UIViewController+MoviesCleanSwift.swift */; };
		D133ADD0279611A6000A03DE /* BaseViewController.swift in Sources */ = {isa = PBXBuildFile; fileRef = D133ADCF279611A6000A03DE /* BaseViewController.swift */; };
		D133ADD327961471000A03DE /* LoadingViewController.swift in Sources */ = {isa = PBXBuildFile; fileRef = D133ADD227961471000A03DE /* LoadingViewController.swift */; };
		D133ADD527961580000A03DE /* LoadingViewController.xib in Resources */ = {isa = PBXBuildFile; fileRef = D133ADD427961580000A03DE /* LoadingViewController.xib */; };
		D133ADD927961763000A03DE /* BaseNavigationController.swift in Sources */ = {isa = PBXBuildFile; fileRef = D133ADD827961763000A03DE /* BaseNavigationController.swift */; };
		D13E26FC2796A5110069B806 /* MoviesListPresenter.swift in Sources */ = {isa = PBXBuildFile; fileRef = D13E26F62796A5110069B806 /* MoviesListPresenter.swift */; };
		D13E26FD2796A5110069B806 /* MoviesListWorker.swift in Sources */ = {isa = PBXBuildFile; fileRef = D13E26F72796A5110069B806 /* MoviesListWorker.swift */; };
		D13E26FE2796A5110069B806 /* MoviesListRouter.swift in Sources */ = {isa = PBXBuildFile; fileRef = D13E26F82796A5110069B806 /* MoviesListRouter.swift */; };
		D13E26FF2796A5110069B806 /* MoviesListModels.swift in Sources */ = {isa = PBXBuildFile; fileRef = D13E26F92796A5110069B806 /* MoviesListModels.swift */; };
		D13E27002796A5110069B806 /* MoviesListViewController.swift in Sources */ = {isa = PBXBuildFile; fileRef = D13E26FA2796A5110069B806 /* MoviesListViewController.swift */; };
		D13E27012796A5110069B806 /* MoviesListInteractor.swift in Sources */ = {isa = PBXBuildFile; fileRef = D13E26FB2796A5110069B806 /* MoviesListInteractor.swift */; };
		D13E27052796EA620069B806 /* UIView+MoviesCleanSwift.swift in Sources */ = {isa = PBXBuildFile; fileRef = D13E27042796EA620069B806 /* UIView+MoviesCleanSwift.swift */; };
		D13E270727970F5E0069B806 /* MoviesListViewController.xib in Resources */ = {isa = PBXBuildFile; fileRef = D13E270627970F5E0069B806 /* MoviesListViewController.xib */; };
		D13E270A279721A00069B806 /* MovieTableViewCell.xib in Resources */ = {isa = PBXBuildFile; fileRef = D13E2709279721A00069B806 /* MovieTableViewCell.xib */; };
		D13E270C279721AC0069B806 /* MovieTableViewCell.swift in Sources */ = {isa = PBXBuildFile; fileRef = D13E270B279721AC0069B806 /* MovieTableViewCell.swift */; };
		D13E270F279732BC0069B806 /* BaseTableviewCellConfiguration.swift in Sources */ = {isa = PBXBuildFile; fileRef = D13E270E279732BC0069B806 /* BaseTableviewCellConfiguration.swift */; };
		D13E2711279734330069B806 /* MovieTableViewCellConfiguration.swift in Sources */ = {isa = PBXBuildFile; fileRef = D13E2710279734330069B806 /* MovieTableViewCellConfiguration.swift */; };
		D13E2713279741C70069B806 /* ConfigurableTableViewCell.swift in Sources */ = {isa = PBXBuildFile; fileRef = D13E2712279741C70069B806 /* ConfigurableTableViewCell.swift */; };
		D13E2716279748AF0069B806 /* AppRouter.swift in Sources */ = {isa = PBXBuildFile; fileRef = D13E2715279748AF0069B806 /* AppRouter.swift */; };
		D13E271A27985CBF0069B806 /* Double+MoviesCleanSwift.swift in Sources */ = {isa = PBXBuildFile; fileRef = D13E271927985CBF0069B806 /* Double+MoviesCleanSwift.swift */; };
		D13E271F2798A35F0069B806 /* LoadingTableViewCell.swift in Sources */ = {isa = PBXBuildFile; fileRef = D13E271E2798A35F0069B806 /* LoadingTableViewCell.swift */; };
		D13E27252798A5DC0069B806 /* LoadingTableViewCell.xib in Resources */ = {isa = PBXBuildFile; fileRef = D13E27242798A5DC0069B806 /* LoadingTableViewCell.xib */; };
		D13E27272798A9620069B806 /* LoadingTableViewCellConfiguration.swift in Sources */ = {isa = PBXBuildFile; fileRef = D13E27262798A9620069B806 /* LoadingTableViewCellConfiguration.swift */; };
		D13E272F27999F5D0069B806 /* MovieDetailsPresenter.swift in Sources */ = {isa = PBXBuildFile; fileRef = D13E272927999F5D0069B806 /* MovieDetailsPresenter.swift */; };
		D13E273027999F5D0069B806 /* MovieDetailsWorker.swift in Sources */ = {isa = PBXBuildFile; fileRef = D13E272A27999F5D0069B806 /* MovieDetailsWorker.swift */; };
		D13E273127999F5D0069B806 /* MovieDetailsRouter.swift in Sources */ = {isa = PBXBuildFile; fileRef = D13E272B27999F5D0069B806 /* MovieDetailsRouter.swift */; };
		D13E273227999F5D0069B806 /* MovieDetailsModels.swift in Sources */ = {isa = PBXBuildFile; fileRef = D13E272C27999F5D0069B806 /* MovieDetailsModels.swift */; };
		D13E273327999F5D0069B806 /* MovieDetailsViewController.swift in Sources */ = {isa = PBXBuildFile; fileRef = D13E272D27999F5D0069B806 /* MovieDetailsViewController.swift */; };
		D13E273427999F5D0069B806 /* MovieDetailsInteractor.swift in Sources */ = {isa = PBXBuildFile; fileRef = D13E272E27999F5D0069B806 /* MovieDetailsInteractor.swift */; };
		D13E273627999F860069B806 /* MovieDetailsViewController.xib in Resources */ = {isa = PBXBuildFile; fileRef = D13E273527999F860069B806 /* MovieDetailsViewController.xib */; };
		D13E2738279A1C120069B806 /* MovieDetailsViewControllerConfiguration.swift in Sources */ = {isa = PBXBuildFile; fileRef = D13E2737279A1C120069B806 /* MovieDetailsViewControllerConfiguration.swift */; };
		D13E273E279AD4040069B806 /* ModuleConfigurator.swift in Sources */ = {isa = PBXBuildFile; fileRef = D13E273D279AD4030069B806 /* ModuleConfigurator.swift */; };
		D13E2740279AD4CA0069B806 /* MovieDetailsModuleConfigurator.swift in Sources */ = {isa = PBXBuildFile; fileRef = D13E273F279AD4CA0069B806 /* MovieDetailsModuleConfigurator.swift */; };
		D13E2743279AD9860069B806 /* ModuleConfiguratorBased.swift in Sources */ = {isa = PBXBuildFile; fileRef = D13E2742279AD9860069B806 /* ModuleConfiguratorBased.swift */; };
		D13E2749279B013B0069B806 /* MovieDetailsViewControllerTests.swift in Sources */ = {isa = PBXBuildFile; fileRef = D13E2748279B013B0069B806 /* MovieDetailsViewControllerTests.swift */; };
		D13E274C279B06EE0069B806 /* MovieDetailsModuleMockFactory.swift in Sources */ = {isa = PBXBuildFile; fileRef = D13E274B279B06EE0069B806 /* MovieDetailsModuleMockFactory.swift */; };
		D13E274E279B139E0069B806 /* MovieDetailsInteractorMock.swift in Sources */ = {isa = PBXBuildFile; fileRef = D13E274D279B139E0069B806 /* MovieDetailsInteractorMock.swift */; };
		D13E2750279B13EA0069B806 /* MoviewDetailsPresenterMock.swift in Sources */ = {isa = PBXBuildFile; fileRef = D13E274F279B13EA0069B806 /* MoviewDetailsPresenterMock.swift */; };
		D13E2752279B14160069B806 /* MoviewDetailsRouterMock.swift in Sources */ = {isa = PBXBuildFile; fileRef = D13E2751279B14150069B806 /* MoviewDetailsRouterMock.swift */; };
		D13E2754279B15280069B806 /* MovieDetailsDisplayLogicMock.swift in Sources */ = {isa = PBXBuildFile; fileRef = D13E2753279B15280069B806 /* MovieDetailsDisplayLogicMock.swift */; };
		D13E2756279B16050069B806 /* MoviesDetailsPresenterTests.swift in Sources */ = {isa = PBXBuildFile; fileRef = D13E2755279B16050069B806 /* MoviesDetailsPresenterTests.swift */; };
		D13E2758279B1D900069B806 /* MovieDetailsInteractorTests.swift in Sources */ = {isa = PBXBuildFile; fileRef = D13E2757279B1D900069B806 /* MovieDetailsInteractorTests.swift */; };
/* End PBXBuildFile section */

/* Begin PBXContainerItemProxy section */
		943350B3278F15BA0002EF2F /* PBXContainerItemProxy */ = {
			isa = PBXContainerItemProxy;
			containerPortal = 94335094278F15B90002EF2F /* Project object */;
			proxyType = 1;
			remoteGlobalIDString = 9433509B278F15B90002EF2F;
			remoteInfo = MoviesCleanSwift;
		};
		943350BD278F15BA0002EF2F /* PBXContainerItemProxy */ = {
			isa = PBXContainerItemProxy;
			containerPortal = 94335094278F15B90002EF2F /* Project object */;
			proxyType = 1;
			remoteGlobalIDString = 9433509B278F15B90002EF2F;
			remoteInfo = MoviesCleanSwift;
		};
/* End PBXContainerItemProxy section */

/* Begin PBXFileReference section */
		9433509C278F15B90002EF2F /* MoviesCleanSwift.app */ = {isa = PBXFileReference; explicitFileType = wrapper.application; includeInIndex = 0; path = MoviesCleanSwift.app; sourceTree = BUILT_PRODUCTS_DIR; };
		9433509F278F15B90002EF2F /* AppDelegate.swift */ = {isa = PBXFileReference; lastKnownFileType = sourcecode.swift; path = AppDelegate.swift; sourceTree = "<group>"; };
		943350A1278F15B90002EF2F /* SceneDelegate.swift */ = {isa = PBXFileReference; lastKnownFileType = sourcecode.swift; path = SceneDelegate.swift; sourceTree = "<group>"; };
		943350A6278F15B90002EF2F /* Base */ = {isa = PBXFileReference; lastKnownFileType = file.storyboard; name = Base; path = Base.lproj/Main.storyboard; sourceTree = "<group>"; };
		943350A8278F15B90002EF2F /* Assets.xcassets */ = {isa = PBXFileReference; lastKnownFileType = folder.assetcatalog; path = Assets.xcassets; sourceTree = "<group>"; };
		943350AB278F15B90002EF2F /* Base */ = {isa = PBXFileReference; lastKnownFileType = file.storyboard; name = Base; path = Base.lproj/LaunchScreen.storyboard; sourceTree = "<group>"; };
		943350AD278F15B90002EF2F /* Info.plist */ = {isa = PBXFileReference; lastKnownFileType = text.plist.xml; path = Info.plist; sourceTree = "<group>"; };
		943350B2278F15BA0002EF2F /* MoviesCleanSwiftTests.xctest */ = {isa = PBXFileReference; explicitFileType = wrapper.cfbundle; includeInIndex = 0; path = MoviesCleanSwiftTests.xctest; sourceTree = BUILT_PRODUCTS_DIR; };
		943350B6278F15BA0002EF2F /* MoviesCleanSwiftTests.swift */ = {isa = PBXFileReference; lastKnownFileType = sourcecode.swift; path = MoviesCleanSwiftTests.swift; sourceTree = "<group>"; };
		943350BC278F15BA0002EF2F /* MoviesCleanSwiftUITests.xctest */ = {isa = PBXFileReference; explicitFileType = wrapper.cfbundle; includeInIndex = 0; path = MoviesCleanSwiftUITests.xctest; sourceTree = BUILT_PRODUCTS_DIR; };
		943350C0278F15BA0002EF2F /* MoviesCleanSwiftUITests.swift */ = {isa = PBXFileReference; lastKnownFileType = sourcecode.swift; path = MoviesCleanSwiftUITests.swift; sourceTree = "<group>"; };
		943350C2278F15BA0002EF2F /* MoviesCleanSwiftUITestsLaunchTests.swift */ = {isa = PBXFileReference; lastKnownFileType = sourcecode.swift; path = MoviesCleanSwiftUITestsLaunchTests.swift; sourceTree = "<group>"; };
		D133ADA92794398F000A03DE /* BaseNetworkingService.swift */ = {isa = PBXFileReference; lastKnownFileType = sourcecode.swift; path = BaseNetworkingService.swift; sourceTree = "<group>"; };
		D133ADAC27943C6B000A03DE /* URLSessionProtocol.swift */ = {isa = PBXFileReference; lastKnownFileType = sourcecode.swift; path = URLSessionProtocol.swift; sourceTree = "<group>"; };
		D133ADAF27943F84000A03DE /* URLSession+MoviesCleanSwift.swift */ = {isa = PBXFileReference; lastKnownFileType = sourcecode.swift; path = "URLSession+MoviesCleanSwift.swift"; sourceTree = "<group>"; };
		D133ADB727946C4A000A03DE /* MoviesNetworkingService.swift */ = {isa = PBXFileReference; lastKnownFileType = sourcecode.swift; path = MoviesNetworkingService.swift; sourceTree = "<group>"; };
		D133ADBE279498CA000A03DE /* Movie.swift */ = {isa = PBXFileReference; lastKnownFileType = sourcecode.swift; path = Movie.swift; sourceTree = "<group>"; };
		D133ADC027949916000A03DE /* MovieAPIResponse.swift */ = {isa = PBXFileReference; lastKnownFileType = sourcecode.swift; path = MovieAPIResponse.swift; sourceTree = "<group>"; };
		D133ADC22795A972000A03DE /* MoviesAPI.swift */ = {isa = PBXFileReference; lastKnownFileType = sourcecode.swift; path = MoviesAPI.swift; sourceTree = "<group>"; };
		D133ADC42795B847000A03DE /* NetworkResponseError.swift */ = {isa = PBXFileReference; lastKnownFileType = sourcecode.swift; path = NetworkResponseError.swift; sourceTree = "<group>"; };
		D133ADC62795BE6E000A03DE /* HTTPURLResponseHandler.swift */ = {isa = PBXFileReference; lastKnownFileType = sourcecode.swift; path = HTTPURLResponseHandler.swift; sourceTree = "<group>"; };
		D133ADC927960D15000A03DE /* UIViewController+MoviesCleanSwift.swift */ = {isa = PBXFileReference; lastKnownFileType = sourcecode.swift; path = "UIViewController+MoviesCleanSwift.swift"; sourceTree = "<group>"; };
		D133ADCF279611A6000A03DE /* BaseViewController.swift */ = {isa = PBXFileReference; lastKnownFileType = sourcecode.swift; path = BaseViewController.swift; sourceTree = "<group>"; };
		D133ADD227961471000A03DE /* LoadingViewController.swift */ = {isa = PBXFileReference; lastKnownFileType = sourcecode.swift; path = LoadingViewController.swift; sourceTree = "<group>"; };
		D133ADD427961580000A03DE /* LoadingViewController.xib */ = {isa = PBXFileReference; lastKnownFileType = file.xib; path = LoadingViewController.xib; sourceTree = "<group>"; };
		D133ADD827961763000A03DE /* BaseNavigationController.swift */ = {isa = PBXFileReference; lastKnownFileType = sourcecode.swift; path = BaseNavigationController.swift; sourceTree = "<group>"; };
		D13E26F62796A5110069B806 /* MoviesListPresenter.swift */ = {isa = PBXFileReference; lastKnownFileType = sourcecode.swift; path = MoviesListPresenter.swift; sourceTree = "<group>"; };
		D13E26F72796A5110069B806 /* MoviesListWorker.swift */ = {isa = PBXFileReference; lastKnownFileType = sourcecode.swift; path = MoviesListWorker.swift; sourceTree = "<group>"; };
		D13E26F82796A5110069B806 /* MoviesListRouter.swift */ = {isa = PBXFileReference; lastKnownFileType = sourcecode.swift; path = MoviesListRouter.swift; sourceTree = "<group>"; };
		D13E26F92796A5110069B806 /* MoviesListModels.swift */ = {isa = PBXFileReference; lastKnownFileType = sourcecode.swift; path = MoviesListModels.swift; sourceTree = "<group>"; };
		D13E26FA2796A5110069B806 /* MoviesListViewController.swift */ = {isa = PBXFileReference; lastKnownFileType = sourcecode.swift; path = MoviesListViewController.swift; sourceTree = "<group>"; };
		D13E26FB2796A5110069B806 /* MoviesListInteractor.swift */ = {isa = PBXFileReference; lastKnownFileType = sourcecode.swift; path = MoviesListInteractor.swift; sourceTree = "<group>"; };
		D13E27042796EA620069B806 /* UIView+MoviesCleanSwift.swift */ = {isa = PBXFileReference; lastKnownFileType = sourcecode.swift; path = "UIView+MoviesCleanSwift.swift"; sourceTree = "<group>"; };
		D13E270627970F5E0069B806 /* MoviesListViewController.xib */ = {isa = PBXFileReference; lastKnownFileType = file.xib; path = MoviesListViewController.xib; sourceTree = "<group>"; };
		D13E2709279721A00069B806 /* MovieTableViewCell.xib */ = {isa = PBXFileReference; lastKnownFileType = file.xib; path = MovieTableViewCell.xib; sourceTree = "<group>"; };
		D13E270B279721AC0069B806 /* MovieTableViewCell.swift */ = {isa = PBXFileReference; lastKnownFileType = sourcecode.swift; path = MovieTableViewCell.swift; sourceTree = "<group>"; };
		D13E270E279732BC0069B806 /* BaseTableviewCellConfiguration.swift */ = {isa = PBXFileReference; lastKnownFileType = sourcecode.swift; path = BaseTableviewCellConfiguration.swift; sourceTree = "<group>"; };
		D13E2710279734330069B806 /* MovieTableViewCellConfiguration.swift */ = {isa = PBXFileReference; lastKnownFileType = sourcecode.swift; path = MovieTableViewCellConfiguration.swift; sourceTree = "<group>"; };
		D13E2712279741C70069B806 /* ConfigurableTableViewCell.swift */ = {isa = PBXFileReference; lastKnownFileType = sourcecode.swift; path = ConfigurableTableViewCell.swift; sourceTree = "<group>"; };
		D13E2715279748AF0069B806 /* AppRouter.swift */ = {isa = PBXFileReference; lastKnownFileType = sourcecode.swift; path = AppRouter.swift; sourceTree = "<group>"; };
		D13E271927985CBF0069B806 /* Double+MoviesCleanSwift.swift */ = {isa = PBXFileReference; lastKnownFileType = sourcecode.swift; path = "Double+MoviesCleanSwift.swift"; sourceTree = "<group>"; };
		D13E271E2798A35F0069B806 /* LoadingTableViewCell.swift */ = {isa = PBXFileReference; lastKnownFileType = sourcecode.swift; path = LoadingTableViewCell.swift; sourceTree = "<group>"; };
		D13E27242798A5DC0069B806 /* LoadingTableViewCell.xib */ = {isa = PBXFileReference; lastKnownFileType = file.xib; path = LoadingTableViewCell.xib; sourceTree = "<group>"; };
		D13E27262798A9620069B806 /* LoadingTableViewCellConfiguration.swift */ = {isa = PBXFileReference; lastKnownFileType = sourcecode.swift; path = LoadingTableViewCellConfiguration.swift; sourceTree = "<group>"; };
		D13E272927999F5D0069B806 /* MovieDetailsPresenter.swift */ = {isa = PBXFileReference; lastKnownFileType = sourcecode.swift; path = MovieDetailsPresenter.swift; sourceTree = "<group>"; };
		D13E272A27999F5D0069B806 /* MovieDetailsWorker.swift */ = {isa = PBXFileReference; lastKnownFileType = sourcecode.swift; path = MovieDetailsWorker.swift; sourceTree = "<group>"; };
		D13E272B27999F5D0069B806 /* MovieDetailsRouter.swift */ = {isa = PBXFileReference; lastKnownFileType = sourcecode.swift; path = MovieDetailsRouter.swift; sourceTree = "<group>"; };
		D13E272C27999F5D0069B806 /* MovieDetailsModels.swift */ = {isa = PBXFileReference; lastKnownFileType = sourcecode.swift; path = MovieDetailsModels.swift; sourceTree = "<group>"; };
		D13E272D27999F5D0069B806 /* MovieDetailsViewController.swift */ = {isa = PBXFileReference; lastKnownFileType = sourcecode.swift; path = MovieDetailsViewController.swift; sourceTree = "<group>"; };
		D13E272E27999F5D0069B806 /* MovieDetailsInteractor.swift */ = {isa = PBXFileReference; lastKnownFileType = sourcecode.swift; path = MovieDetailsInteractor.swift; sourceTree = "<group>"; };
		D13E273527999F860069B806 /* MovieDetailsViewController.xib */ = {isa = PBXFileReference; lastKnownFileType = file.xib; path = MovieDetailsViewController.xib; sourceTree = "<group>"; };
		D13E2737279A1C120069B806 /* MovieDetailsViewControllerConfiguration.swift */ = {isa = PBXFileReference; lastKnownFileType = sourcecode.swift; path = MovieDetailsViewControllerConfiguration.swift; sourceTree = "<group>"; };
		D13E273D279AD4030069B806 /* ModuleConfigurator.swift */ = {isa = PBXFileReference; lastKnownFileType = sourcecode.swift; path = ModuleConfigurator.swift; sourceTree = "<group>"; };
		D13E273F279AD4CA0069B806 /* MovieDetailsModuleConfigurator.swift */ = {isa = PBXFileReference; lastKnownFileType = sourcecode.swift; path = MovieDetailsModuleConfigurator.swift; sourceTree = "<group>"; };
		D13E2742279AD9860069B806 /* ModuleConfiguratorBased.swift */ = {isa = PBXFileReference; lastKnownFileType = sourcecode.swift; path = ModuleConfiguratorBased.swift; sourceTree = "<group>"; };
		D13E2748279B013B0069B806 /* MovieDetailsViewControllerTests.swift */ = {isa = PBXFileReference; lastKnownFileType = sourcecode.swift; path = MovieDetailsViewControllerTests.swift; sourceTree = "<group>"; };
		D13E274B279B06EE0069B806 /* MovieDetailsModuleMockFactory.swift */ = {isa = PBXFileReference; lastKnownFileType = sourcecode.swift; path = MovieDetailsModuleMockFactory.swift; sourceTree = "<group>"; };
		D13E274D279B139E0069B806 /* MovieDetailsInteractorMock.swift */ = {isa = PBXFileReference; lastKnownFileType = sourcecode.swift; path = MovieDetailsInteractorMock.swift; sourceTree = "<group>"; };
		D13E274F279B13EA0069B806 /* MoviewDetailsPresenterMock.swift */ = {isa = PBXFileReference; lastKnownFileType = sourcecode.swift; path = MoviewDetailsPresenterMock.swift; sourceTree = "<group>"; };
		D13E2751279B14150069B806 /* MoviewDetailsRouterMock.swift */ = {isa = PBXFileReference; lastKnownFileType = sourcecode.swift; path = MoviewDetailsRouterMock.swift; sourceTree = "<group>"; };
		D13E2753279B15280069B806 /* MovieDetailsDisplayLogicMock.swift */ = {isa = PBXFileReference; lastKnownFileType = sourcecode.swift; path = MovieDetailsDisplayLogicMock.swift; sourceTree = "<group>"; };
		D13E2755279B16050069B806 /* MoviesDetailsPresenterTests.swift */ = {isa = PBXFileReference; lastKnownFileType = sourcecode.swift; path = MoviesDetailsPresenterTests.swift; sourceTree = "<group>"; };
		D13E2757279B1D900069B806 /* MovieDetailsInteractorTests.swift */ = {isa = PBXFileReference; lastKnownFileType = sourcecode.swift; path = MovieDetailsInteractorTests.swift; sourceTree = "<group>"; };
/* End PBXFileReference section */

/* Begin PBXFrameworksBuildPhase section */
		94335099278F15B90002EF2F /* Frameworks */ = {
			isa = PBXFrameworksBuildPhase;
			buildActionMask = 2147483647;
			files = (
			);
			runOnlyForDeploymentPostprocessing = 0;
		};
		943350AF278F15BA0002EF2F /* Frameworks */ = {
			isa = PBXFrameworksBuildPhase;
			buildActionMask = 2147483647;
			files = (
			);
			runOnlyForDeploymentPostprocessing = 0;
		};
		943350B9278F15BA0002EF2F /* Frameworks */ = {
			isa = PBXFrameworksBuildPhase;
			buildActionMask = 2147483647;
			files = (
			);
			runOnlyForDeploymentPostprocessing = 0;
		};
/* End PBXFrameworksBuildPhase section */

/* Begin PBXGroup section */
		94335093278F15B90002EF2F = {
			isa = PBXGroup;
			children = (
				9433509E278F15B90002EF2F /* MoviesCleanSwift */,
				943350B5278F15BA0002EF2F /* MoviesCleanSwiftTests */,
				943350BF278F15BA0002EF2F /* MoviesCleanSwiftUITests */,
				9433509D278F15B90002EF2F /* Products */,
			);
			sourceTree = "<group>";
		};
		9433509D278F15B90002EF2F /* Products */ = {
			isa = PBXGroup;
			children = (
				9433509C278F15B90002EF2F /* MoviesCleanSwift.app */,
				943350B2278F15BA0002EF2F /* MoviesCleanSwiftTests.xctest */,
				943350BC278F15BA0002EF2F /* MoviesCleanSwiftUITests.xctest */,
			);
			name = Products;
			sourceTree = "<group>";
		};
		9433509E278F15B90002EF2F /* MoviesCleanSwift */ = {
			isa = PBXGroup;
			children = (
				D13E273B279AD34B0069B806 /* AppScenes */,
				D133ADCD27961184000A03DE /* UI */,
				D133ADBD279498B8000A03DE /* Models */,
				D133ADA727943920000A03DE /* Core */,
				9433509F278F15B90002EF2F /* AppDelegate.swift */,
				943350A1278F15B90002EF2F /* SceneDelegate.swift */,
				943350A5278F15B90002EF2F /* Main.storyboard */,
				943350A8278F15B90002EF2F /* Assets.xcassets */,
				943350AA278F15B90002EF2F /* LaunchScreen.storyboard */,
				943350AD278F15B90002EF2F /* Info.plist */,
			);
			path = MoviesCleanSwift;
			sourceTree = "<group>";
		};
		943350B5278F15BA0002EF2F /* MoviesCleanSwiftTests */ = {
			isa = PBXGroup;
			children = (
				D13E275D279B319A0069B806 /* MoviesListSceneTests */,
				D13E2747279B00ED0069B806 /* MovieDetailsSceneTests */,
				943350B6278F15BA0002EF2F /* MoviesCleanSwiftTests.swift */,
			);
			path = MoviesCleanSwiftTests;
			sourceTree = "<group>";
		};
		943350BF278F15BA0002EF2F /* MoviesCleanSwiftUITests */ = {
			isa = PBXGroup;
			children = (
				943350C0278F15BA0002EF2F /* MoviesCleanSwiftUITests.swift */,
				943350C2278F15BA0002EF2F /* MoviesCleanSwiftUITestsLaunchTests.swift */,
			);
			path = MoviesCleanSwiftUITests;
			sourceTree = "<group>";
		};
		D133ADA727943920000A03DE /* Core */ = {
			isa = PBXGroup;
			children = (
				D13E273C279AD3BF0069B806 /* Helpers */,
				D13E2714279748760069B806 /* AppRouter */,
				D133ADC82795C009000A03DE /* Errors */,
				D133ADAE27943F58000A03DE /* Extensions */,
				D133ADA827943928000A03DE /* Networking */,
			);
			path = Core;
			sourceTree = "<group>";
		};
		D133ADA827943928000A03DE /* Networking */ = {
			isa = PBXGroup;
			children = (
				D133ADB92794880A000A03DE /* Base */,
				D133ADBA27948817000A03DE /* MoviesService */,
			);
			path = Networking;
			sourceTree = "<group>";
		};
		D133ADAE27943F58000A03DE /* Extensions */ = {
			isa = PBXGroup;
			children = (
				D133ADAF27943F84000A03DE /* URLSession+MoviesCleanSwift.swift */,
				D133ADC927960D15000A03DE /* UIViewController+MoviesCleanSwift.swift */,
				D13E27042796EA620069B806 /* UIView+MoviesCleanSwift.swift */,
				D13E271927985CBF0069B806 /* Double+MoviesCleanSwift.swift */,
			);
			path = Extensions;
			sourceTree = "<group>";
		};
		D133ADB92794880A000A03DE /* Base */ = {
			isa = PBXGroup;
			children = (
				D133ADA92794398F000A03DE /* BaseNetworkingService.swift */,
				D133ADAC27943C6B000A03DE /* URLSessionProtocol.swift */,
				D133ADC62795BE6E000A03DE /* HTTPURLResponseHandler.swift */,
			);
			path = Base;
			sourceTree = "<group>";
		};
		D133ADBA27948817000A03DE /* MoviesService */ = {
			isa = PBXGroup;
			children = (
				D133ADB727946C4A000A03DE /* MoviesNetworkingService.swift */,
				D133ADC027949916000A03DE /* MovieAPIResponse.swift */,
				D133ADC22795A972000A03DE /* MoviesAPI.swift */,
			);
			path = MoviesService;
			sourceTree = "<group>";
		};
		D133ADBD279498B8000A03DE /* Models */ = {
			isa = PBXGroup;
			children = (
				D133ADBE279498CA000A03DE /* Movie.swift */,
			);
			path = Models;
			sourceTree = "<group>";
		};
		D133ADC82795C009000A03DE /* Errors */ = {
			isa = PBXGroup;
			children = (
				D133ADC42795B847000A03DE /* NetworkResponseError.swift */,
			);
			path = Errors;
			sourceTree = "<group>";
		};
		D133ADCD27961184000A03DE /* UI */ = {
			isa = PBXGroup;
			children = (
				D13E2708279721750069B806 /* Cells */,
				D133ADDB27961857000A03DE /* Common */,
			);
			path = UI;
			sourceTree = "<group>";
		};
		D133ADCE2796118B000A03DE /* BaseViewController */ = {
			isa = PBXGroup;
			children = (
				D133ADCF279611A6000A03DE /* BaseViewController.swift */,
			);
			path = BaseViewController;
			sourceTree = "<group>";
		};
		D133ADD127961454000A03DE /* LoadingViewController */ = {
			isa = PBXGroup;
			children = (
				D133ADD227961471000A03DE /* LoadingViewController.swift */,
				D133ADD427961580000A03DE /* LoadingViewController.xib */,
			);
			path = LoadingViewController;
			sourceTree = "<group>";
		};
		D133ADD62796174A000A03DE /* BaseNavigationController */ = {
			isa = PBXGroup;
			children = (
				D133ADD827961763000A03DE /* BaseNavigationController.swift */,
			);
			path = BaseNavigationController;
			sourceTree = "<group>";
		};
		D133ADDB27961857000A03DE /* Common */ = {
			isa = PBXGroup;
			children = (
				D13E270D2797329D0069B806 /* TableviewCellConfigurable */,
				D133ADD62796174A000A03DE /* BaseNavigationController */,
				D133ADD127961454000A03DE /* LoadingViewController */,
				D133ADCE2796118B000A03DE /* BaseViewController */,
			);
			path = Common;
			sourceTree = "<group>";
		};
		D13E27032796A5390069B806 /* MoviesListScene */ = {
			isa = PBXGroup;
			children = (
				D13E26F62796A5110069B806 /* MoviesListPresenter.swift */,
				D13E26F72796A5110069B806 /* MoviesListWorker.swift */,
				D13E26F82796A5110069B806 /* MoviesListRouter.swift */,
				D13E26F92796A5110069B806 /* MoviesListModels.swift */,
				D13E270627970F5E0069B806 /* MoviesListViewController.xib */,
				D13E26FA2796A5110069B806 /* MoviesListViewController.swift */,
				D13E26FB2796A5110069B806 /* MoviesListInteractor.swift */,
			);
			path = MoviesListScene;
			sourceTree = "<group>";
		};
		D13E2708279721750069B806 /* Cells */ = {
			isa = PBXGroup;
			children = (
				D13E271C2798A3400069B806 /* LoadingCell */,
				D13E271B2798A2940069B806 /* MovieTableViewCell */,
			);
			path = Cells;
			sourceTree = "<group>";
		};
		D13E270D2797329D0069B806 /* TableviewCellConfigurable */ = {
			isa = PBXGroup;
			children = (
				D13E270E279732BC0069B806 /* BaseTableviewCellConfiguration.swift */,
				D13E2712279741C70069B806 /* ConfigurableTableViewCell.swift */,
			);
			path = TableviewCellConfigurable;
			sourceTree = "<group>";
		};
		D13E2714279748760069B806 /* AppRouter */ = {
			isa = PBXGroup;
			children = (
				D13E2715279748AF0069B806 /* AppRouter.swift */,
			);
			path = AppRouter;
			sourceTree = "<group>";
		};
		D13E271B2798A2940069B806 /* MovieTableViewCell */ = {
			isa = PBXGroup;
			children = (
				D13E2709279721A00069B806 /* MovieTableViewCell.xib */,
				D13E270B279721AC0069B806 /* MovieTableViewCell.swift */,
				D13E2710279734330069B806 /* MovieTableViewCellConfiguration.swift */,
			);
			path = MovieTableViewCell;
			sourceTree = "<group>";
		};
		D13E271C2798A3400069B806 /* LoadingCell */ = {
			isa = PBXGroup;
			children = (
				D13E271E2798A35F0069B806 /* LoadingTableViewCell.swift */,
				D13E27242798A5DC0069B806 /* LoadingTableViewCell.xib */,
				D13E27262798A9620069B806 /* LoadingTableViewCellConfiguration.swift */,
			);
			path = LoadingCell;
			sourceTree = "<group>";
		};
		D13E272827999F140069B806 /* MovieDetailsScene */ = {
			isa = PBXGroup;
			children = (
				D13E272927999F5D0069B806 /* MovieDetailsPresenter.swift */,
				D13E272A27999F5D0069B806 /* MovieDetailsWorker.swift */,
				D13E272B27999F5D0069B806 /* MovieDetailsRouter.swift */,
				D13E272C27999F5D0069B806 /* MovieDetailsModels.swift */,
				D13E272D27999F5D0069B806 /* MovieDetailsViewController.swift */,
				D13E273527999F860069B806 /* MovieDetailsViewController.xib */,
				D13E272E27999F5D0069B806 /* MovieDetailsInteractor.swift */,
				D13E2739279A1C180069B806 /* Helpers */,
			);
			path = MovieDetailsScene;
			sourceTree = "<group>";
		};
		D13E2739279A1C180069B806 /* Helpers */ = {
			isa = PBXGroup;
			children = (
				D13E2737279A1C120069B806 /* MovieDetailsViewControllerConfiguration.swift */,
				D13E273F279AD4CA0069B806 /* MovieDetailsModuleConfigurator.swift */,
			);
			path = Helpers;
			sourceTree = "<group>";
		};
		D13E273B279AD34B0069B806 /* AppScenes */ = {
			isa = PBXGroup;
			children = (
				D13E272827999F140069B806 /* MovieDetailsScene */,
				D13E27032796A5390069B806 /* MoviesListScene */,
			);
			path = AppScenes;
			sourceTree = "<group>";
		};
		D13E273C279AD3BF0069B806 /* Helpers */ = {
			isa = PBXGroup;
			children = (
				D13E273D279AD4030069B806 /* ModuleConfigurator.swift */,
				D13E2742279AD9860069B806 /* ModuleConfiguratorBased.swift */,
			);
			path = Helpers;
			sourceTree = "<group>";
		};
		D13E2747279B00ED0069B806 /* MovieDetailsSceneTests */ = {
			isa = PBXGroup;
			children = (
				D13E274A279B06800069B806 /* Mocks */,
				D13E2748279B013B0069B806 /* MovieDetailsViewControllerTests.swift */,
				D13E2755279B16050069B806 /* MoviesDetailsPresenterTests.swift */,
				D13E2757279B1D900069B806 /* MovieDetailsInteractorTests.swift */,
			);
			path = MovieDetailsSceneTests;
			sourceTree = "<group>";
		};
		D13E274A279B06800069B806 /* Mocks */ = {
			isa = PBXGroup;
			children = (
				D13E274B279B06EE0069B806 /* MovieDetailsModuleMockFactory.swift */,
				D13E274D279B139E0069B806 /* MovieDetailsInteractorMock.swift */,
				D13E274F279B13EA0069B806 /* MoviewDetailsPresenterMock.swift */,
				D13E2751279B14150069B806 /* MoviewDetailsRouterMock.swift */,
				D13E2753279B15280069B806 /* MovieDetailsDisplayLogicMock.swift */,
			);
			path = Mocks;
			sourceTree = "<group>";
		};
		D13E275D279B319A0069B806 /* MoviesListSceneTests */ = {
			isa = PBXGroup;
			children = (
			);
			path = MoviesListSceneTests;
			sourceTree = "<group>";
		};
/* End PBXGroup section */

/* Begin PBXNativeTarget section */
		9433509B278F15B90002EF2F /* MoviesCleanSwift */ = {
			isa = PBXNativeTarget;
			buildConfigurationList = 943350C6278F15BA0002EF2F /* Build configuration list for PBXNativeTarget "MoviesCleanSwift" */;
			buildPhases = (
				94335098278F15B90002EF2F /* Sources */,
				94335099278F15B90002EF2F /* Frameworks */,
				9433509A278F15B90002EF2F /* Resources */,
			);
			buildRules = (
			);
			dependencies = (
			);
			name = MoviesCleanSwift;
			productName = MoviesCleanSwift;
			productReference = 9433509C278F15B90002EF2F /* MoviesCleanSwift.app */;
			productType = "com.apple.product-type.application";
		};
		943350B1278F15BA0002EF2F /* MoviesCleanSwiftTests */ = {
			isa = PBXNativeTarget;
			buildConfigurationList = 943350C9278F15BA0002EF2F /* Build configuration list for PBXNativeTarget "MoviesCleanSwiftTests" */;
			buildPhases = (
				943350AE278F15BA0002EF2F /* Sources */,
				943350AF278F15BA0002EF2F /* Frameworks */,
				943350B0278F15BA0002EF2F /* Resources */,
			);
			buildRules = (
			);
			dependencies = (
				943350B4278F15BA0002EF2F /* PBXTargetDependency */,
			);
			name = MoviesCleanSwiftTests;
			productName = MoviesCleanSwiftTests;
			productReference = 943350B2278F15BA0002EF2F /* MoviesCleanSwiftTests.xctest */;
			productType = "com.apple.product-type.bundle.unit-test";
		};
		943350BB278F15BA0002EF2F /* MoviesCleanSwiftUITests */ = {
			isa = PBXNativeTarget;
			buildConfigurationList = 943350CC278F15BA0002EF2F /* Build configuration list for PBXNativeTarget "MoviesCleanSwiftUITests" */;
			buildPhases = (
				943350B8278F15BA0002EF2F /* Sources */,
				943350B9278F15BA0002EF2F /* Frameworks */,
				943350BA278F15BA0002EF2F /* Resources */,
			);
			buildRules = (
			);
			dependencies = (
				943350BE278F15BA0002EF2F /* PBXTargetDependency */,
			);
			name = MoviesCleanSwiftUITests;
			productName = MoviesCleanSwiftUITests;
			productReference = 943350BC278F15BA0002EF2F /* MoviesCleanSwiftUITests.xctest */;
			productType = "com.apple.product-type.bundle.ui-testing";
		};
/* End PBXNativeTarget section */

/* Begin PBXProject section */
		94335094278F15B90002EF2F /* Project object */ = {
			isa = PBXProject;
			attributes = {
				BuildIndependentTargetsInParallel = 1;
				LastSwiftUpdateCheck = 1320;
				LastUpgradeCheck = 1320;
				TargetAttributes = {
					9433509B278F15B90002EF2F = {
						CreatedOnToolsVersion = 13.2.1;
					};
					943350B1278F15BA0002EF2F = {
						CreatedOnToolsVersion = 13.2.1;
						TestTargetID = 9433509B278F15B90002EF2F;
					};
					943350BB278F15BA0002EF2F = {
						CreatedOnToolsVersion = 13.2.1;
						TestTargetID = 9433509B278F15B90002EF2F;
					};
				};
			};
			buildConfigurationList = 94335097278F15B90002EF2F /* Build configuration list for PBXProject "MoviesCleanSwift" */;
			compatibilityVersion = "Xcode 13.0";
			developmentRegion = en;
			hasScannedForEncodings = 0;
			knownRegions = (
				en,
				Base,
			);
			mainGroup = 94335093278F15B90002EF2F;
			productRefGroup = 9433509D278F15B90002EF2F /* Products */;
			projectDirPath = "";
			projectRoot = "";
			targets = (
				9433509B278F15B90002EF2F /* MoviesCleanSwift */,
				943350B1278F15BA0002EF2F /* MoviesCleanSwiftTests */,
				943350BB278F15BA0002EF2F /* MoviesCleanSwiftUITests */,
			);
		};
/* End PBXProject section */

/* Begin PBXResourcesBuildPhase section */
		9433509A278F15B90002EF2F /* Resources */ = {
			isa = PBXResourcesBuildPhase;
			buildActionMask = 2147483647;
			files = (
				D13E270A279721A00069B806 /* MovieTableViewCell.xib in Resources */,
				943350AC278F15B90002EF2F /* LaunchScreen.storyboard in Resources */,
				943350A9278F15B90002EF2F /* Assets.xcassets in Resources */,
				D13E270727970F5E0069B806 /* MoviesListViewController.xib in Resources */,
				D13E273627999F860069B806 /* MovieDetailsViewController.xib in Resources */,
				943350A7278F15B90002EF2F /* Main.storyboard in Resources */,
				D133ADD527961580000A03DE /* LoadingViewController.xib in Resources */,
				D13E27252798A5DC0069B806 /* LoadingTableViewCell.xib in Resources */,
			);
			runOnlyForDeploymentPostprocessing = 0;
		};
		943350B0278F15BA0002EF2F /* Resources */ = {
			isa = PBXResourcesBuildPhase;
			buildActionMask = 2147483647;
			files = (
			);
			runOnlyForDeploymentPostprocessing = 0;
		};
		943350BA278F15BA0002EF2F /* Resources */ = {
			isa = PBXResourcesBuildPhase;
			buildActionMask = 2147483647;
			files = (
			);
			runOnlyForDeploymentPostprocessing = 0;
		};
/* End PBXResourcesBuildPhase section */

/* Begin PBXSourcesBuildPhase section */
		94335098278F15B90002EF2F /* Sources */ = {
			isa = PBXSourcesBuildPhase;
			buildActionMask = 2147483647;
			files = (
				D13E273E279AD4040069B806 /* ModuleConfigurator.swift in Sources */,
				D13E26FF2796A5110069B806 /* MoviesListModels.swift in Sources */,
				D133ADAD27943C6B000A03DE /* URLSessionProtocol.swift in Sources */,
				D13E270C279721AC0069B806 /* MovieTableViewCell.swift in Sources */,
				D133ADC72795BE6E000A03DE /* HTTPURLResponseHandler.swift in Sources */,
				D13E2716279748AF0069B806 /* AppRouter.swift in Sources */,
				D13E272F27999F5D0069B806 /* MovieDetailsPresenter.swift in Sources */,
				D13E2738279A1C120069B806 /* MovieDetailsViewControllerConfiguration.swift in Sources */,
				D13E2743279AD9860069B806 /* ModuleConfiguratorBased.swift in Sources */,
				D13E26FC2796A5110069B806 /* MoviesListPresenter.swift in Sources */,
				D13E270F279732BC0069B806 /* BaseTableviewCellConfiguration.swift in Sources */,
				D13E2740279AD4CA0069B806 /* MovieDetailsModuleConfigurator.swift in Sources */,
				D133ADD327961471000A03DE /* LoadingViewController.swift in Sources */,
				D13E273227999F5D0069B806 /* MovieDetailsModels.swift in Sources */,
				D13E273327999F5D0069B806 /* MovieDetailsViewController.swift in Sources */,
				D133ADBF279498CA000A03DE /* Movie.swift in Sources */,
				D133ADB027943F84000A03DE /* URLSession+MoviesCleanSwift.swift in Sources */,
				D133ADCA27960D15000A03DE /* UIViewController+MoviesCleanSwift.swift in Sources */,
				D133ADD0279611A6000A03DE /* BaseViewController.swift in Sources */,
				D133ADC32795A972000A03DE /* MoviesAPI.swift in Sources */,
				D13E2713279741C70069B806 /* ConfigurableTableViewCell.swift in Sources */,
				D13E26FE2796A5110069B806 /* MoviesListRouter.swift in Sources */,
				D133ADD927961763000A03DE /* BaseNavigationController.swift in Sources */,
				D13E27052796EA620069B806 /* UIView+MoviesCleanSwift.swift in Sources */,
				D13E271F2798A35F0069B806 /* LoadingTableViewCell.swift in Sources */,
				D13E273027999F5D0069B806 /* MovieDetailsWorker.swift in Sources */,
				D133ADB827946C4A000A03DE /* MoviesNetworkingService.swift in Sources */,
				D13E27012796A5110069B806 /* MoviesListInteractor.swift in Sources */,
				D13E273427999F5D0069B806 /* MovieDetailsInteractor.swift in Sources */,
				D133ADAA2794398F000A03DE /* BaseNetworkingService.swift in Sources */,
				D13E271A27985CBF0069B806 /* Double+MoviesCleanSwift.swift in Sources */,
				D13E27002796A5110069B806 /* MoviesListViewController.swift in Sources */,
				D13E2711279734330069B806 /* MovieTableViewCellConfiguration.swift in Sources */,
				943350A0278F15B90002EF2F /* AppDelegate.swift in Sources */,
				D133ADC127949916000A03DE /* MovieAPIResponse.swift in Sources */,
				943350A2278F15B90002EF2F /* SceneDelegate.swift in Sources */,
				D13E26FD2796A5110069B806 /* MoviesListWorker.swift in Sources */,
				D133ADC52795B847000A03DE /* NetworkResponseError.swift in Sources */,
				D13E273127999F5D0069B806 /* MovieDetailsRouter.swift in Sources */,
				D13E27272798A9620069B806 /* LoadingTableViewCellConfiguration.swift in Sources */,
			);
			runOnlyForDeploymentPostprocessing = 0;
		};
		943350AE278F15BA0002EF2F /* Sources */ = {
			isa = PBXSourcesBuildPhase;
			buildActionMask = 2147483647;
			files = (
				D13E2756279B16050069B806 /* MoviesDetailsPresenterTests.swift in Sources */,
				D13E2752279B14160069B806 /* MoviewDetailsRouterMock.swift in Sources */,
				D13E274E279B139E0069B806 /* MovieDetailsInteractorMock.swift in Sources */,
				D13E2754279B15280069B806 /* MovieDetailsDisplayLogicMock.swift in Sources */,
				D13E274C279B06EE0069B806 /* MovieDetailsModuleMockFactory.swift in Sources */,
				D13E2749279B013B0069B806 /* MovieDetailsViewControllerTests.swift in Sources */,
				D13E2758279B1D900069B806 /* MovieDetailsInteractorTests.swift in Sources */,
				D13E2750279B13EA0069B806 /* MoviewDetailsPresenterMock.swift in Sources */,
				943350B7278F15BA0002EF2F /* MoviesCleanSwiftTests.swift in Sources */,
			);
			runOnlyForDeploymentPostprocessing = 0;
		};
		943350B8278F15BA0002EF2F /* Sources */ = {
			isa = PBXSourcesBuildPhase;
			buildActionMask = 2147483647;
			files = (
				943350C1278F15BA0002EF2F /* MoviesCleanSwiftUITests.swift in Sources */,
				943350C3278F15BA0002EF2F /* MoviesCleanSwiftUITestsLaunchTests.swift in Sources */,
			);
			runOnlyForDeploymentPostprocessing = 0;
		};
/* End PBXSourcesBuildPhase section */

/* Begin PBXTargetDependency section */
		943350B4278F15BA0002EF2F /* PBXTargetDependency */ = {
			isa = PBXTargetDependency;
			target = 9433509B278F15B90002EF2F /* MoviesCleanSwift */;
			targetProxy = 943350B3278F15BA0002EF2F /* PBXContainerItemProxy */;
		};
		943350BE278F15BA0002EF2F /* PBXTargetDependency */ = {
			isa = PBXTargetDependency;
			target = 9433509B278F15B90002EF2F /* MoviesCleanSwift */;
			targetProxy = 943350BD278F15BA0002EF2F /* PBXContainerItemProxy */;
		};
/* End PBXTargetDependency section */

/* Begin PBXVariantGroup section */
		943350A5278F15B90002EF2F /* Main.storyboard */ = {
			isa = PBXVariantGroup;
			children = (
				943350A6278F15B90002EF2F /* Base */,
			);
			name = Main.storyboard;
			sourceTree = "<group>";
		};
		943350AA278F15B90002EF2F /* LaunchScreen.storyboard */ = {
			isa = PBXVariantGroup;
			children = (
				943350AB278F15B90002EF2F /* Base */,
			);
			name = LaunchScreen.storyboard;
			sourceTree = "<group>";
		};
/* End PBXVariantGroup section */

/* Begin XCBuildConfiguration section */
		943350C4278F15BA0002EF2F /* Debug */ = {
			isa = XCBuildConfiguration;
			buildSettings = {
				ALWAYS_SEARCH_USER_PATHS = NO;
				CLANG_ANALYZER_NONNULL = YES;
				CLANG_ANALYZER_NUMBER_OBJECT_CONVERSION = YES_AGGRESSIVE;
				CLANG_CXX_LANGUAGE_STANDARD = "gnu++17";
				CLANG_CXX_LIBRARY = "libc++";
				CLANG_ENABLE_MODULES = YES;
				CLANG_ENABLE_OBJC_ARC = YES;
				CLANG_ENABLE_OBJC_WEAK = YES;
				CLANG_WARN_BLOCK_CAPTURE_AUTORELEASING = YES;
				CLANG_WARN_BOOL_CONVERSION = YES;
				CLANG_WARN_COMMA = YES;
				CLANG_WARN_CONSTANT_CONVERSION = YES;
				CLANG_WARN_DEPRECATED_OBJC_IMPLEMENTATIONS = YES;
				CLANG_WARN_DIRECT_OBJC_ISA_USAGE = YES_ERROR;
				CLANG_WARN_DOCUMENTATION_COMMENTS = YES;
				CLANG_WARN_EMPTY_BODY = YES;
				CLANG_WARN_ENUM_CONVERSION = YES;
				CLANG_WARN_INFINITE_RECURSION = YES;
				CLANG_WARN_INT_CONVERSION = YES;
				CLANG_WARN_NON_LITERAL_NULL_CONVERSION = YES;
				CLANG_WARN_OBJC_IMPLICIT_RETAIN_SELF = YES;
				CLANG_WARN_OBJC_LITERAL_CONVERSION = YES;
				CLANG_WARN_OBJC_ROOT_CLASS = YES_ERROR;
				CLANG_WARN_QUOTED_INCLUDE_IN_FRAMEWORK_HEADER = YES;
				CLANG_WARN_RANGE_LOOP_ANALYSIS = YES;
				CLANG_WARN_STRICT_PROTOTYPES = YES;
				CLANG_WARN_SUSPICIOUS_MOVE = YES;
				CLANG_WARN_UNGUARDED_AVAILABILITY = YES_AGGRESSIVE;
				CLANG_WARN_UNREACHABLE_CODE = YES;
				CLANG_WARN__DUPLICATE_METHOD_MATCH = YES;
				COPY_PHASE_STRIP = NO;
				DEBUG_INFORMATION_FORMAT = dwarf;
				ENABLE_STRICT_OBJC_MSGSEND = YES;
				ENABLE_TESTABILITY = YES;
				GCC_C_LANGUAGE_STANDARD = gnu11;
				GCC_DYNAMIC_NO_PIC = NO;
				GCC_NO_COMMON_BLOCKS = YES;
				GCC_OPTIMIZATION_LEVEL = 0;
				GCC_PREPROCESSOR_DEFINITIONS = (
					"DEBUG=1",
					"$(inherited)",
				);
				GCC_WARN_64_TO_32_BIT_CONVERSION = YES;
				GCC_WARN_ABOUT_RETURN_TYPE = YES_ERROR;
				GCC_WARN_UNDECLARED_SELECTOR = YES;
				GCC_WARN_UNINITIALIZED_AUTOS = YES_AGGRESSIVE;
				GCC_WARN_UNUSED_FUNCTION = YES;
				GCC_WARN_UNUSED_VARIABLE = YES;
				IPHONEOS_DEPLOYMENT_TARGET = 15.2;
				MTL_ENABLE_DEBUG_INFO = INCLUDE_SOURCE;
				MTL_FAST_MATH = YES;
				ONLY_ACTIVE_ARCH = YES;
				SDKROOT = iphoneos;
				SWIFT_ACTIVE_COMPILATION_CONDITIONS = DEBUG;
				SWIFT_OPTIMIZATION_LEVEL = "-Onone";
			};
			name = Debug;
		};
		943350C5278F15BA0002EF2F /* Release */ = {
			isa = XCBuildConfiguration;
			buildSettings = {
				ALWAYS_SEARCH_USER_PATHS = NO;
				CLANG_ANALYZER_NONNULL = YES;
				CLANG_ANALYZER_NUMBER_OBJECT_CONVERSION = YES_AGGRESSIVE;
				CLANG_CXX_LANGUAGE_STANDARD = "gnu++17";
				CLANG_CXX_LIBRARY = "libc++";
				CLANG_ENABLE_MODULES = YES;
				CLANG_ENABLE_OBJC_ARC = YES;
				CLANG_ENABLE_OBJC_WEAK = YES;
				CLANG_WARN_BLOCK_CAPTURE_AUTORELEASING = YES;
				CLANG_WARN_BOOL_CONVERSION = YES;
				CLANG_WARN_COMMA = YES;
				CLANG_WARN_CONSTANT_CONVERSION = YES;
				CLANG_WARN_DEPRECATED_OBJC_IMPLEMENTATIONS = YES;
				CLANG_WARN_DIRECT_OBJC_ISA_USAGE = YES_ERROR;
				CLANG_WARN_DOCUMENTATION_COMMENTS = YES;
				CLANG_WARN_EMPTY_BODY = YES;
				CLANG_WARN_ENUM_CONVERSION = YES;
				CLANG_WARN_INFINITE_RECURSION = YES;
				CLANG_WARN_INT_CONVERSION = YES;
				CLANG_WARN_NON_LITERAL_NULL_CONVERSION = YES;
				CLANG_WARN_OBJC_IMPLICIT_RETAIN_SELF = YES;
				CLANG_WARN_OBJC_LITERAL_CONVERSION = YES;
				CLANG_WARN_OBJC_ROOT_CLASS = YES_ERROR;
				CLANG_WARN_QUOTED_INCLUDE_IN_FRAMEWORK_HEADER = YES;
				CLANG_WARN_RANGE_LOOP_ANALYSIS = YES;
				CLANG_WARN_STRICT_PROTOTYPES = YES;
				CLANG_WARN_SUSPICIOUS_MOVE = YES;
				CLANG_WARN_UNGUARDED_AVAILABILITY = YES_AGGRESSIVE;
				CLANG_WARN_UNREACHABLE_CODE = YES;
				CLANG_WARN__DUPLICATE_METHOD_MATCH = YES;
				COPY_PHASE_STRIP = NO;
				DEBUG_INFORMATION_FORMAT = "dwarf-with-dsym";
				ENABLE_NS_ASSERTIONS = NO;
				ENABLE_STRICT_OBJC_MSGSEND = YES;
				GCC_C_LANGUAGE_STANDARD = gnu11;
				GCC_NO_COMMON_BLOCKS = YES;
				GCC_WARN_64_TO_32_BIT_CONVERSION = YES;
				GCC_WARN_ABOUT_RETURN_TYPE = YES_ERROR;
				GCC_WARN_UNDECLARED_SELECTOR = YES;
				GCC_WARN_UNINITIALIZED_AUTOS = YES_AGGRESSIVE;
				GCC_WARN_UNUSED_FUNCTION = YES;
				GCC_WARN_UNUSED_VARIABLE = YES;
				IPHONEOS_DEPLOYMENT_TARGET = 15.2;
				MTL_ENABLE_DEBUG_INFO = NO;
				MTL_FAST_MATH = YES;
				SDKROOT = iphoneos;
				SWIFT_COMPILATION_MODE = wholemodule;
				SWIFT_OPTIMIZATION_LEVEL = "-O";
				VALIDATE_PRODUCT = YES;
			};
			name = Release;
		};
		943350C7278F15BA0002EF2F /* Debug */ = {
			isa = XCBuildConfiguration;
			buildSettings = {
				ASSETCATALOG_COMPILER_APPICON_NAME = AppIcon;
				ASSETCATALOG_COMPILER_GLOBAL_ACCENT_COLOR_NAME = AccentColor;
				CODE_SIGN_STYLE = Automatic;
				CURRENT_PROJECT_VERSION = 1;
				DEVELOPMENT_TEAM = 5KX3Y2CU6T;
				GENERATE_INFOPLIST_FILE = YES;
				INFOPLIST_FILE = MoviesCleanSwift/Info.plist;
				INFOPLIST_KEY_UIApplicationSupportsIndirectInputEvents = YES;
				INFOPLIST_KEY_UILaunchStoryboardName = LaunchScreen;
				INFOPLIST_KEY_UIMainStoryboardFile = Main;
				INFOPLIST_KEY_UISupportedInterfaceOrientations_iPad = "UIInterfaceOrientationPortrait UIInterfaceOrientationPortraitUpsideDown UIInterfaceOrientationLandscapeLeft UIInterfaceOrientationLandscapeRight";
				INFOPLIST_KEY_UISupportedInterfaceOrientations_iPhone = "UIInterfaceOrientationPortrait UIInterfaceOrientationLandscapeLeft UIInterfaceOrientationLandscapeRight";
				LD_RUNPATH_SEARCH_PATHS = (
					"$(inherited)",
					"@executable_path/Frameworks",
				);
				MARKETING_VERSION = 1.0;
				PRODUCT_BUNDLE_IDENTIFIER = com.agut.MoviesCleanSwift;
				PRODUCT_NAME = "$(TARGET_NAME)";
				SWIFT_EMIT_LOC_STRINGS = YES;
				SWIFT_VERSION = 5.0;
				TARGETED_DEVICE_FAMILY = "1,2";
			};
			name = Debug;
		};
		943350C8278F15BA0002EF2F /* Release */ = {
			isa = XCBuildConfiguration;
			buildSettings = {
				ASSETCATALOG_COMPILER_APPICON_NAME = AppIcon;
				ASSETCATALOG_COMPILER_GLOBAL_ACCENT_COLOR_NAME = AccentColor;
				CODE_SIGN_STYLE = Automatic;
				CURRENT_PROJECT_VERSION = 1;
				DEVELOPMENT_TEAM = 5KX3Y2CU6T;
				GENERATE_INFOPLIST_FILE = YES;
				INFOPLIST_FILE = MoviesCleanSwift/Info.plist;
				INFOPLIST_KEY_UIApplicationSupportsIndirectInputEvents = YES;
				INFOPLIST_KEY_UILaunchStoryboardName = LaunchScreen;
				INFOPLIST_KEY_UIMainStoryboardFile = Main;
				INFOPLIST_KEY_UISupportedInterfaceOrientations_iPad = "UIInterfaceOrientationPortrait UIInterfaceOrientationPortraitUpsideDown UIInterfaceOrientationLandscapeLeft UIInterfaceOrientationLandscapeRight";
				INFOPLIST_KEY_UISupportedInterfaceOrientations_iPhone = "UIInterfaceOrientationPortrait UIInterfaceOrientationLandscapeLeft UIInterfaceOrientationLandscapeRight";
				LD_RUNPATH_SEARCH_PATHS = (
					"$(inherited)",
					"@executable_path/Frameworks",
				);
				MARKETING_VERSION = 1.0;
				PRODUCT_BUNDLE_IDENTIFIER = com.agut.MoviesCleanSwift;
				PRODUCT_NAME = "$(TARGET_NAME)";
				SWIFT_EMIT_LOC_STRINGS = YES;
				SWIFT_VERSION = 5.0;
				TARGETED_DEVICE_FAMILY = "1,2";
			};
			name = Release;
		};
		943350CA278F15BA0002EF2F /* Debug */ = {
			isa = XCBuildConfiguration;
			buildSettings = {
				ALWAYS_EMBED_SWIFT_STANDARD_LIBRARIES = YES;
				BUNDLE_LOADER = "$(TEST_HOST)";
				CODE_SIGN_STYLE = Automatic;
				CURRENT_PROJECT_VERSION = 1;
				GENERATE_INFOPLIST_FILE = YES;
				IPHONEOS_DEPLOYMENT_TARGET = 15.2;
				MARKETING_VERSION = 1.0;
				PRODUCT_BUNDLE_IDENTIFIER = com.agut.MoviesCleanSwiftTests;
				PRODUCT_NAME = "$(TARGET_NAME)";
				SWIFT_EMIT_LOC_STRINGS = NO;
				SWIFT_VERSION = 5.0;
				TARGETED_DEVICE_FAMILY = "1,2";
				TEST_HOST = "$(BUILT_PRODUCTS_DIR)/MoviesCleanSwift.app/MoviesCleanSwift";
			};
			name = Debug;
		};
		943350CB278F15BA0002EF2F /* Release */ = {
			isa = XCBuildConfiguration;
			buildSettings = {
				ALWAYS_EMBED_SWIFT_STANDARD_LIBRARIES = YES;
				BUNDLE_LOADER = "$(TEST_HOST)";
				CODE_SIGN_STYLE = Automatic;
				CURRENT_PROJECT_VERSION = 1;
				GENERATE_INFOPLIST_FILE = YES;
				IPHONEOS_DEPLOYMENT_TARGET = 15.2;
				MARKETING_VERSION = 1.0;
				PRODUCT_BUNDLE_IDENTIFIER = com.agut.MoviesCleanSwiftTests;
				PRODUCT_NAME = "$(TARGET_NAME)";
				SWIFT_EMIT_LOC_STRINGS = NO;
				SWIFT_VERSION = 5.0;
				TARGETED_DEVICE_FAMILY = "1,2";
				TEST_HOST = "$(BUILT_PRODUCTS_DIR)/MoviesCleanSwift.app/MoviesCleanSwift";
			};
			name = Release;
		};
		943350CD278F15BA0002EF2F /* Debug */ = {
			isa = XCBuildConfiguration;
			buildSettings = {
				ALWAYS_EMBED_SWIFT_STANDARD_LIBRARIES = YES;
				CODE_SIGN_STYLE = Automatic;
				CURRENT_PROJECT_VERSION = 1;
				GENERATE_INFOPLIST_FILE = YES;
				MARKETING_VERSION = 1.0;
				PRODUCT_BUNDLE_IDENTIFIER = com.agut.MoviesCleanSwiftUITests;
				PRODUCT_NAME = "$(TARGET_NAME)";
				SWIFT_EMIT_LOC_STRINGS = NO;
				SWIFT_VERSION = 5.0;
				TARGETED_DEVICE_FAMILY = "1,2";
				TEST_TARGET_NAME = MoviesCleanSwift;
			};
			name = Debug;
		};
		943350CE278F15BA0002EF2F /* Release */ = {
			isa = XCBuildConfiguration;
			buildSettings = {
				ALWAYS_EMBED_SWIFT_STANDARD_LIBRARIES = YES;
				CODE_SIGN_STYLE = Automatic;
				CURRENT_PROJECT_VERSION = 1;
				GENERATE_INFOPLIST_FILE = YES;
				MARKETING_VERSION = 1.0;
				PRODUCT_BUNDLE_IDENTIFIER = com.agut.MoviesCleanSwiftUITests;
				PRODUCT_NAME = "$(TARGET_NAME)";
				SWIFT_EMIT_LOC_STRINGS = NO;
				SWIFT_VERSION = 5.0;
				TARGETED_DEVICE_FAMILY = "1,2";
				TEST_TARGET_NAME = MoviesCleanSwift;
			};
			name = Release;
		};
/* End XCBuildConfiguration section */

/* Begin XCConfigurationList section */
		94335097278F15B90002EF2F /* Build configuration list for PBXProject "MoviesCleanSwift" */ = {
			isa = XCConfigurationList;
			buildConfigurations = (
				943350C4278F15BA0002EF2F /* Debug */,
				943350C5278F15BA0002EF2F /* Release */,
			);
			defaultConfigurationIsVisible = 0;
			defaultConfigurationName = Release;
		};
		943350C6278F15BA0002EF2F /* Build configuration list for PBXNativeTarget "MoviesCleanSwift" */ = {
			isa = XCConfigurationList;
			buildConfigurations = (
				943350C7278F15BA0002EF2F /* Debug */,
				943350C8278F15BA0002EF2F /* Release */,
			);
			defaultConfigurationIsVisible = 0;
			defaultConfigurationName = Release;
		};
		943350C9278F15BA0002EF2F /* Build configuration list for PBXNativeTarget "MoviesCleanSwiftTests" */ = {
			isa = XCConfigurationList;
			buildConfigurations = (
				943350CA278F15BA0002EF2F /* Debug */,
				943350CB278F15BA0002EF2F /* Release */,
			);
			defaultConfigurationIsVisible = 0;
			defaultConfigurationName = Release;
		};
		943350CC278F15BA0002EF2F /* Build configuration list for PBXNativeTarget "MoviesCleanSwiftUITests" */ = {
			isa = XCConfigurationList;
			buildConfigurations = (
				943350CD278F15BA0002EF2F /* Debug */,
				943350CE278F15BA0002EF2F /* Release */,
			);
			defaultConfigurationIsVisible = 0;
			defaultConfigurationName = Release;
		};
/* End XCConfigurationList section */
	};
	rootObject = 94335094278F15B90002EF2F /* Project object */;
}
